// !$*UTF8*$!
{
	archiveVersion = 1;
	classes = {
	};
	objectVersion = 77;
	objects = {

/* Begin PBXBuildFile section */
		1AC9074840EAB1820B638113 /* Pods_LHPPWallet_LHPPWalletUITests.framework in Frameworks */ = {isa = PBXBuildFile; fileRef = A8F15686980002420258D0D8 /* Pods_LHPPWallet_LHPPWalletUITests.framework */; };
		1F0F826C3E7F32BF8DEE4F81 /* Pods_LHPPWallet.framework in Frameworks */ = {isa = PBXBuildFile; fileRef = D14A3BBAF9DB5674A58D2126 /* Pods_LHPPWallet.framework */; };
		D3CAAC40889FD6EDAB68B3E1 /* Pods_LHPPWalletTests.framework in Frameworks */ = {isa = PBXBuildFile; fileRef = 5AEA65A9228E88ADA7214889 /* Pods_LHPPWalletTests.framework */; };
/* End PBXBuildFile section */

/* Begin PBXContainerItemProxy section */
		0DE8F0BE2F57DF3A00888B9D /* PBXContainerItemProxy */ = {
			isa = PBXContainerItemProxy;
			containerPortal = 0DE8F0A32F57DF3800888B9D /* Project object */;
			proxyType = 1;
			remoteGlobalIDString = 0DE8F0AA2F57DF3800888B9D;
			remoteInfo = LHPPWallet;
		};
		0DE8F0C82F57DF3A00888B9D /* PBXContainerItemProxy */ = {
			isa = PBXContainerItemProxy;
			containerPortal = 0DE8F0A32F57DF3800888B9D /* Project object */;
			proxyType = 1;
			remoteGlobalIDString = 0DE8F0AA2F57DF3800888B9D;
			remoteInfo = LHPPWallet;
		};
/* End PBXContainerItemProxy section */

/* Begin PBXFileReference section */
		0DE8F0AB2F57DF3800888B9D /* LHPPWallet.app */ = {isa = PBXFileReference; explicitFileType = wrapper.application; includeInIndex = 0; path = LHPPWallet.app; sourceTree = BUILT_PRODUCTS_DIR; };
		0DE8F0BD2F57DF3A00888B9D /* LHPPWalletTests.xctest */ = {isa = PBXFileReference; explicitFileType = wrapper.cfbundle; includeInIndex = 0; path = LHPPWalletTests.xctest; sourceTree = BUILT_PRODUCTS_DIR; };
		0DE8F0C72F57DF3A00888B9D /* LHPPWalletUITests.xctest */ = {isa = PBXFileReference; explicitFileType = wrapper.cfbundle; includeInIndex = 0; path = LHPPWalletUITests.xctest; sourceTree = BUILT_PRODUCTS_DIR; };
		14DE55649C5504845FECBBFB /* Pods-LHPPWallet.release.xcconfig */ = {isa = PBXFileReference; includeInIndex = 1; lastKnownFileType = text.xcconfig; name = "Pods-LHPPWallet.release.xcconfig"; path = "Target Support Files/Pods-LHPPWallet/Pods-LHPPWallet.release.xcconfig"; sourceTree = "<group>"; };
		1DE35806153E91E60A30F5EB /* Pods-LHPPWallet-LHPPWalletUITests.debug.xcconfig */ = {isa = PBXFileReference; includeInIndex = 1; lastKnownFileType = text.xcconfig; name = "Pods-LHPPWallet-LHPPWalletUITests.debug.xcconfig"; path = "Target Support Files/Pods-LHPPWallet-LHPPWalletUITests/Pods-LHPPWallet-LHPPWalletUITests.debug.xcconfig"; sourceTree = "<group>"; };
		5AEA65A9228E88ADA7214889 /* Pods_LHPPWalletTests.framework */ = {isa = PBXFileReference; explicitFileType = wrapper.framework; includeInIndex = 0; path = Pods_LHPPWalletTests.framework; sourceTree = BUILT_PRODUCTS_DIR; };
		8ED3A199293C55D790882D6A /* Pods-LHPPWallet.debug.xcconfig */ = {isa = PBXFileReference; includeInIndex = 1; lastKnownFileType = text.xcconfig; name = "Pods-LHPPWallet.debug.xcconfig"; path = "Target Support Files/Pods-LHPPWallet/Pods-LHPPWallet.debug.xcconfig"; sourceTree = "<group>"; };
		92FE0A91B4BA6D6F8329C55F /* Pods-LHPPWalletTests.debug.xcconfig */ = {isa = PBXFileReference; includeInIndex = 1; lastKnownFileType = text.xcconfig; name = "Pods-LHPPWalletTests.debug.xcconfig"; path = "Target Support Files/Pods-LHPPWalletTests/Pods-LHPPWalletTests.debug.xcconfig"; sourceTree = "<group>"; };
		A8F15686980002420258D0D8 /* Pods_LHPPWallet_LHPPWalletUITests.framework */ = {isa = PBXFileReference; explicitFileType = wrapper.framework; includeInIndex = 0; path = Pods_LHPPWallet_LHPPWalletUITests.framework; sourceTree = BUILT_PRODUCTS_DIR; };
		CC8098DD93B954944C7C3F8F /* Pods-LHPPWalletTests.release.xcconfig */ = {isa = PBXFileReference; includeInIndex = 1; lastKnownFileType = text.xcconfig; name = "Pods-LHPPWalletTests.release.xcconfig"; path = "Target Support Files/Pods-LHPPWalletTests/Pods-LHPPWalletTests.release.xcconfig"; sourceTree = "<group>"; };
		D14A3BBAF9DB5674A58D2126 /* Pods_LHPPWallet.framework */ = {isa = PBXFileReference; explicitFileType = wrapper.framework; includeInIndex = 0; path = Pods_LHPPWallet.framework; sourceTree = BUILT_PRODUCTS_DIR; };
		FA6A80AF895451722FF6C0E2 /* Pods-LHPPWallet-LHPPWalletUITests.release.xcconfig */ = {isa = PBXFileReference; includeInIndex = 1; lastKnownFileType = text.xcconfig; name = "Pods-LHPPWallet-LHPPWalletUITests.release.xcconfig"; path = "Target Support Files/Pods-LHPPWallet-LHPPWalletUITests/Pods-LHPPWallet-LHPPWalletUITests.release.xcconfig"; sourceTree = "<group>"; };
/* End PBXFileReference section */

/* Begin PBXFileSystemSynchronizedBuildFileExceptionSet section */
		0D561B7D2F6A8CE80097A63B /* Exceptions for "LHPPWallet" folder in "LHPPWallet" target */ = {
			isa = PBXFileSystemSynchronizedBuildFileExceptionSet;
			membershipExceptions = (
				Info.plist,
				Resources/Localize/Untitled.swift,
			);
			target = 0DE8F0AA2F57DF3800888B9D /* LHPPWallet */;
		};
/* End PBXFileSystemSynchronizedBuildFileExceptionSet section */

/* Begin PBXFileSystemSynchronizedRootGroup section */
		0DE8F0AD2F57DF3800888B9D /* LHPPWallet */ = {
			isa = PBXFileSystemSynchronizedRootGroup;
			exceptions = (
				0D561B7D2F6A8CE80097A63B /* Exceptions for "LHPPWallet" folder in "LHPPWallet" target */,
			);
			path = LHPPWallet;
			sourceTree = "<group>";
		};
		0DE8F0C02F57DF3A00888B9D /* LHPPWalletTests */ = {
			isa = PBXFileSystemSynchronizedRootGroup;
			path = LHPPWalletTests;
			sourceTree = "<group>";
		};
		0DE8F0CA2F57DF3A00888B9D /* LHPPWalletUITests */ = {
			isa = PBXFileSystemSynchronizedRootGroup;
			path = LHPPWalletUITests;
			sourceTree = "<group>";
		};
/* End PBXFileSystemSynchronizedRootGroup section */

/* Begin PBXFrameworksBuildPhase section */
		0DE8F0A82F57DF3800888B9D /* Frameworks */ = {
			isa = PBXFrameworksBuildPhase;
			buildActionMask = 2147483647;
			files = (
				1F0F826C3E7F32BF8DEE4F81 /* Pods_LHPPWallet.framework in Frameworks */,
			);
			runOnlyForDeploymentPostprocessing = 0;
		};
		0DE8F0BA2F57DF3A00888B9D /* Frameworks */ = {
			isa = PBXFrameworksBuildPhase;
			buildActionMask = 2147483647;
			files = (
				D3CAAC40889FD6EDAB68B3E1 /* Pods_LHPPWalletTests.framework in Frameworks */,
			);
			runOnlyForDeploymentPostprocessing = 0;
		};
		0DE8F0C42F57DF3A00888B9D /* Frameworks */ = {
			isa = PBXFrameworksBuildPhase;
			buildActionMask = 2147483647;
			files = (
				1AC9074840EAB1820B638113 /* Pods_LHPPWallet_LHPPWalletUITests.framework in Frameworks */,
			);
			runOnlyForDeploymentPostprocessing = 0;
		};
/* End PBXFrameworksBuildPhase section */

/* Begin PBXGroup section */
		0DE8F0A22F57DF3800888B9D = {
			isa = PBXGroup;
			children = (
				0DE8F0AD2F57DF3800888B9D /* LHPPWallet */,
				0DE8F0C02F57DF3A00888B9D /* LHPPWalletTests */,
				0DE8F0CA2F57DF3A00888B9D /* LHPPWalletUITests */,
				0DE8F0AC2F57DF3800888B9D /* Products */,
				3524B5D2C31DC5208ED287C0 /* Pods */,
				383E137FA8135CBE677A97F8 /* Frameworks */,
			);
			sourceTree = "<group>";
		};
		0DE8F0AC2F57DF3800888B9D /* Products */ = {
			isa = PBXGroup;
			children = (
				0DE8F0AB2F57DF3800888B9D /* LHPPWallet.app */,
				0DE8F0BD2F57DF3A00888B9D /* LHPPWalletTests.xctest */,
				0DE8F0C72F57DF3A00888B9D /* LHPPWalletUITests.xctest */,
			);
			name = Products;
			sourceTree = "<group>";
		};
		3524B5D2C31DC5208ED287C0 /* Pods */ = {
			isa = PBXGroup;
			children = (
				8ED3A199293C55D790882D6A /* Pods-LHPPWallet.debug.xcconfig */,
				14DE55649C5504845FECBBFB /* Pods-LHPPWallet.release.xcconfig */,
				1DE35806153E91E60A30F5EB /* Pods-LHPPWallet-LHPPWalletUITests.debug.xcconfig */,
				FA6A80AF895451722FF6C0E2 /* Pods-LHPPWallet-LHPPWalletUITests.release.xcconfig */,
				92FE0A91B4BA6D6F8329C55F /* Pods-LHPPWalletTests.debug.xcconfig */,
				CC8098DD93B954944C7C3F8F /* Pods-LHPPWalletTests.release.xcconfig */,
			);
			path = Pods;
			sourceTree = "<group>";
		};
		383E137FA8135CBE677A97F8 /* Frameworks */ = {
			isa = PBXGroup;
			children = (
				D14A3BBAF9DB5674A58D2126 /* Pods_LHPPWallet.framework */,
				A8F15686980002420258D0D8 /* Pods_LHPPWallet_LHPPWalletUITests.framework */,
				5AEA65A9228E88ADA7214889 /* Pods_LHPPWalletTests.framework */,
			);
			name = Frameworks;
			sourceTree = "<group>";
		};
/* End PBXGroup section */

/* Begin PBXNativeTarget section */
		0DE8F0AA2F57DF3800888B9D /* LHPPWallet */ = {
			isa = PBXNativeTarget;
			buildConfigurationList = 0DE8F0D12F57DF3A00888B9D /* Build configuration list for PBXNativeTarget "LHPPWallet" */;
			buildPhases = (
				48A024AD05B91B26747B28C8 /* [CP] Check Pods Manifest.lock */,
				0DE8F0A72F57DF3800888B9D /* Sources */,
				0DE8F0A82F57DF3800888B9D /* Frameworks */,
				0DE8F0A92F57DF3800888B9D /* Resources */,
			);
			buildRules = (
			);
			dependencies = (
			);
			fileSystemSynchronizedGroups = (
				0DE8F0AD2F57DF3800888B9D /* LHPPWallet */,
			);
			name = LHPPWallet;
			productName = LHPPWallet;
			productReference = 0DE8F0AB2F57DF3800888B9D /* LHPPWallet.app */;
			productType = "com.apple.product-type.application";
		};
		0DE8F0BC2F57DF3A00888B9D /* LHPPWalletTests */ = {
			isa = PBXNativeTarget;
			buildConfigurationList = 0DE8F0D42F57DF3A00888B9D /* Build configuration list for PBXNativeTarget "LHPPWalletTests" */;
			buildPhases = (
				9899A7ADDAFD4082DA0714DC /* [CP] Check Pods Manifest.lock */,
				0DE8F0B92F57DF3A00888B9D /* Sources */,
				0DE8F0BA2F57DF3A00888B9D /* Frameworks */,
				0DE8F0BB2F57DF3A00888B9D /* Resources */,
			);
			buildRules = (
			);
			dependencies = (
				0DE8F0BF2F57DF3A00888B9D /* PBXTargetDependency */,
			);
			fileSystemSynchronizedGroups = (
				0DE8F0C02F57DF3A00888B9D /* LHPPWalletTests */,
			);
			name = LHPPWalletTests;
			productName = LHPPWalletTests;
			productReference = 0DE8F0BD2F57DF3A00888B9D /* LHPPWalletTests.xctest */;
			productType = "com.apple.product-type.bundle.unit-test";
		};
		0DE8F0C62F57DF3A00888B9D /* LHPPWalletUITests */ = {
			isa = PBXNativeTarget;
			buildConfigurationList = 0DE8F0D72F57DF3A00888B9D /* Build configuration list for PBXNativeTarget "LHPPWalletUITests" */;
			buildPhases = (
				57D924BFBAFEB91363212642 /* [CP] Check Pods Manifest.lock */,
				0DE8F0C32F57DF3A00888B9D /* Sources */,
				0DE8F0C42F57DF3A00888B9D /* Frameworks */,
				0DE8F0C52F57DF3A00888B9D /* Resources */,
			);
			buildRules = (
			);
			dependencies = (
				0DE8F0C92F57DF3A00888B9D /* PBXTargetDependency */,
			);
			fileSystemSynchronizedGroups = (
				0DE8F0CA2F57DF3A00888B9D /* LHPPWalletUITests */,
			);
			name = LHPPWalletUITests;
			productName = LHPPWalletUITests;
			productReference = 0DE8F0C72F57DF3A00888B9D /* LHPPWalletUITests.xctest */;
			productType = "com.apple.product-type.bundle.ui-testing";
		};
/* End PBXNativeTarget section */

/* Begin PBXProject section */
		0DE8F0A32F57DF3800888B9D /* Project object */ = {
			isa = PBXProject;
			attributes = {
				BuildIndependentTargetsInParallel = 1;
				LastSwiftUpdateCheck = 2620;
				LastUpgradeCheck = 2620;
				TargetAttributes = {
					0DE8F0AA2F57DF3800888B9D = {
						CreatedOnToolsVersion = 26.2;
					};
					0DE8F0BC2F57DF3A00888B9D = {
						CreatedOnToolsVersion = 26.2;
						TestTargetID = 0DE8F0AA2F57DF3800888B9D;
					};
					0DE8F0C62F57DF3A00888B9D = {
						CreatedOnToolsVersion = 26.2;
						TestTargetID = 0DE8F0AA2F57DF3800888B9D;
					};
				};
			};
			buildConfigurationList = 0DE8F0A62F57DF3800888B9D /* Build configuration list for PBXProject "LHPPWallet" */;
			developmentRegion = en;
			hasScannedForEncodings = 0;
			knownRegions = (
				en,
				Base,
				"en-AU",
				km,
			);
			mainGroup = 0DE8F0A22F57DF3800888B9D;
			minimizedProjectReferenceProxies = 1;
			preferredProjectObjectVersion = 77;
			productRefGroup = 0DE8F0AC2F57DF3800888B9D /* Products */;
			projectDirPath = "";
			projectRoot = "";
			targets = (
				0DE8F0AA2F57DF3800888B9D /* LHPPWallet */,
				0DE8F0BC2F57DF3A00888B9D /* LHPPWalletTests */,
				0DE8F0C62F57DF3A00888B9D /* LHPPWalletUITests */,
			);
		};
/* End PBXProject section */

/* Begin PBXResourcesBuildPhase section */
		0DE8F0A92F57DF3800888B9D /* Resources */ = {
			isa = PBXResourcesBuildPhase;
			buildActionMask = 2147483647;
			files = (
			);
			runOnlyForDeploymentPostprocessing = 0;
		};
		0DE8F0BB2F57DF3A00888B9D /* Resources */ = {
			isa = PBXResourcesBuildPhase;
			buildActionMask = 2147483647;
			files = (
			);
			runOnlyForDeploymentPostprocessing = 0;
		};
		0DE8F0C52F57DF3A00888B9D /* Resources */ = {
			isa = PBXResourcesBuildPhase;
			buildActionMask = 2147483647;
			files = (
			);
			runOnlyForDeploymentPostprocessing = 0;
		};
/* End PBXResourcesBuildPhase section */

/* Begin PBXShellScriptBuildPhase section */
		48A024AD05B91B26747B28C8 /* [CP] Check Pods Manifest.lock */ = {
			isa = PBXShellScriptBuildPhase;
			buildActionMask = 2147483647;
			files = (
			);
			inputFileListPaths = (
			);
			inputPaths = (
				"${PODS_PODFILE_DIR_PATH}/Podfile.lock",
				"${PODS_ROOT}/Manifest.lock",
			);
			name = "[CP] Check Pods Manifest.lock";
			outputFileListPaths = (
			);
			outputPaths = (
				"$(DERIVED_FILE_DIR)/Pods-LHPPWallet-checkManifestLockResult.txt",
			);
			runOnlyForDeploymentPostprocessing = 0;
			shellPath = /bin/sh;
			shellScript = "diff \"${PODS_PODFILE_DIR_PATH}/Podfile.lock\" \"${PODS_ROOT}/Manifest.lock\" > /dev/null\nif [ $? != 0 ] ; then\n    # print error to STDERR\n    echo \"error: The sandbox is not in sync with the Podfile.lock. Run 'pod install' or update your CocoaPods installation.\" >&2\n    exit 1\nfi\n# This output is used by Xcode 'outputs' to avoid re-running this script phase.\necho \"SUCCESS\" > \"${SCRIPT_OUTPUT_FILE_0}\"\n";
			showEnvVarsInLog = 0;
		};
		57D924BFBAFEB91363212642 /* [CP] Check Pods Manifest.lock */ = {
			isa = PBXShellScriptBuildPhase;
			buildActionMask = 2147483647;
			files = (
			);
			inputFileListPaths = (
			);
			inputPaths = (
				"${PODS_PODFILE_DIR_PATH}/Podfile.lock",
				"${PODS_ROOT}/Manifest.lock",
			);
			name = "[CP] Check Pods Manifest.lock";
			outputFileListPaths = (
			);
			outputPaths = (
				"$(DERIVED_FILE_DIR)/Pods-LHPPWallet-LHPPWalletUITests-checkManifestLockResult.txt",
			);
			runOnlyForDeploymentPostprocessing = 0;
			shellPath = /bin/sh;
			shellScript = "diff \"${PODS_PODFILE_DIR_PATH}/Podfile.lock\" \"${PODS_ROOT}/Manifest.lock\" > /dev/null\nif [ $? != 0 ] ; then\n    # print error to STDERR\n    echo \"error: The sandbox is not in sync with the Podfile.lock. Run 'pod install' or update your CocoaPods installation.\" >&2\n    exit 1\nfi\n# This output is used by Xcode 'outputs' to avoid re-running this script phase.\necho \"SUCCESS\" > \"${SCRIPT_OUTPUT_FILE_0}\"\n";
			showEnvVarsInLog = 0;
		};
		9899A7ADDAFD4082DA0714DC /* [CP] Check Pods Manifest.lock */ = {
			isa = PBXShellScriptBuildPhase;
			buildActionMask = 2147483647;
			files = (
			);
			inputFileListPaths = (
			);
			inputPaths = (
				"${PODS_PODFILE_DIR_PATH}/Podfile.lock",
				"${PODS_ROOT}/Manifest.lock",
			);
			name = "[CP] Check Pods Manifest.lock";
			outputFileListPaths = (
			);
			outputPaths = (
				"$(DERIVED_FILE_DIR)/Pods-LHPPWalletTests-checkManifestLockResult.txt",
			);
			runOnlyForDeploymentPostprocessing = 0;
			shellPath = /bin/sh;
			shellScript = "diff \"${PODS_PODFILE_DIR_PATH}/Podfile.lock\" \"${PODS_ROOT}/Manifest.lock\" > /dev/null\nif [ $? != 0 ] ; then\n    # print error to STDERR\n    echo \"error: The sandbox is not in sync with the Podfile.lock. Run 'pod install' or update your CocoaPods installation.\" >&2\n    exit 1\nfi\n# This output is used by Xcode 'outputs' to avoid re-running this script phase.\necho \"SUCCESS\" > \"${SCRIPT_OUTPUT_FILE_0}\"\n";
			showEnvVarsInLog = 0;
		};
/* End PBXShellScriptBuildPhase section */

/* Begin PBXSourcesBuildPhase section */
		0DE8F0A72F57DF3800888B9D /* Sources */ = {
			isa = PBXSourcesBuildPhase;
			buildActionMask = 2147483647;
			files = (
			);
			runOnlyForDeploymentPostprocessing = 0;
		};
		0DE8F0B92F57DF3A00888B9D /* Sources */ = {
			isa = PBXSourcesBuildPhase;
			buildActionMask = 2147483647;
			files = (
			);
			runOnlyForDeploymentPostprocessing = 0;
		};
		0DE8F0C32F57DF3A00888B9D /* Sources */ = {
			isa = PBXSourcesBuildPhase;
			buildActionMask = 2147483647;
			files = (
			);
			runOnlyForDeploymentPostprocessing = 0;
		};
/* End PBXSourcesBuildPhase section */

/* Begin PBXTargetDependency section */
		0DE8F0BF2F57DF3A00888B9D /* PBXTargetDependency */ = {
			isa = PBXTargetDependency;
			target = 0DE8F0AA2F57DF3800888B9D /* LHPPWallet */;
			targetProxy = 0DE8F0BE2F57DF3A00888B9D /* PBXContainerItemProxy */;
		};
		0DE8F0C92F57DF3A00888B9D /* PBXTargetDependency */ = {
			isa = PBXTargetDependency;
			target = 0DE8F0AA2F57DF3800888B9D /* LHPPWallet */;
			targetProxy = 0DE8F0C82F57DF3A00888B9D /* PBXContainerItemProxy */;
		};
/* End PBXTargetDependency section */

/* Begin XCBuildConfiguration section */
		0DE8F0CF2F57DF3A00888B9D /* Debug */ = {
			isa = XCBuildConfiguration;
			buildSettings = {
				ALWAYS_SEARCH_USER_PATHS = NO;
				ASSETCATALOG_COMPILER_GENERATE_SWIFT_ASSET_SYMBOL_EXTENSIONS = YES;
				CLANG_ANALYZER_NONNULL = YES;
				CLANG_ANALYZER_NUMBER_OBJECT_CONVERSION = YES_AGGRESSIVE;
				CLANG_CXX_LANGUAGE_STANDARD = "gnu++20";
				CLANG_ENABLE_MODULES = YES;
				CLANG_ENABLE_OBJC_ARC = YES;
				CLANG_ENABLE_OBJC_WEAK = YES;
				CLANG_WARN_BLOCK_CAPTURE_AUTORELEASING = YES;
				CLANG_WARN_BOOL_CONVERSION = YES;
				CLANG_WARN_COMMA = YES;
				CLANG_WARN_CONSTANT_CONVERSION = YES;
				CLANG_WARN_DEPRECATED_OBJC_IMPLEMENTATIONS = YES;
				CLANG_WARN_DIRECT_OBJC_ISA_USAGE = YES_ERROR;
				CLANG_WARN_DOCUMENTATION_COMMENTS = YES;
				CLANG_WARN_EMPTY_BODY = YES;
				CLANG_WARN_ENUM_CONVERSION = YES;
				CLANG_WARN_INFINITE_RECURSION = YES;
				CLANG_WARN_INT_CONVERSION = YES;
				CLANG_WARN_NON_LITERAL_NULL_CONVERSION = YES;
				CLANG_WARN_OBJC_IMPLICIT_RETAIN_SELF = YES;
				CLANG_WARN_OBJC_LITERAL_CONVERSION = YES;
				CLANG_WARN_OBJC_ROOT_CLASS = YES_ERROR;
				CLANG_WARN_QUOTED_INCLUDE_IN_FRAMEWORK_HEADER = YES;
				CLANG_WARN_RANGE_LOOP_ANALYSIS = YES;
				CLANG_WARN_STRICT_PROTOTYPES = YES;
				CLANG_WARN_SUSPICIOUS_MOVE = YES;
				CLANG_WARN_UNGUARDED_AVAILABILITY = YES_AGGRESSIVE;
				CLANG_WARN_UNREACHABLE_CODE = YES;
				CLANG_WARN__DUPLICATE_METHOD_MATCH = YES;
				COPY_PHASE_STRIP = NO;
				DEBUG_INFORMATION_FORMAT = dwarf;
				ENABLE_STRICT_OBJC_MSGSEND = YES;
				ENABLE_TESTABILITY = YES;
				ENABLE_USER_SCRIPT_SANDBOXING = YES;
				GCC_C_LANGUAGE_STANDARD = gnu17;
				GCC_DYNAMIC_NO_PIC = NO;
				GCC_NO_COMMON_BLOCKS = YES;
				GCC_OPTIMIZATION_LEVEL = 0;
				GCC_PREPROCESSOR_DEFINITIONS = (
					"DEBUG=1",
					"$(inherited)",
				);
				GCC_WARN_64_TO_32_BIT_CONVERSION = YES;
				GCC_WARN_ABOUT_RETURN_TYPE = YES_ERROR;
				GCC_WARN_UNDECLARED_SELECTOR = YES;
				GCC_WARN_UNINITIALIZED_AUTOS = YES_AGGRESSIVE;
				GCC_WARN_UNUSED_FUNCTION = YES;
				GCC_WARN_UNUSED_VARIABLE = YES;
				IPHONEOS_DEPLOYMENT_TARGET = 26.2;
				LOCALIZATION_PREFERS_STRING_CATALOGS = YES;
				MTL_ENABLE_DEBUG_INFO = INCLUDE_SOURCE;
				MTL_FAST_MATH = YES;
				ONLY_ACTIVE_ARCH = YES;
				SDKROOT = iphoneos;
				SWIFT_ACTIVE_COMPILATION_CONDITIONS = "DEBUG $(inherited)";
				SWIFT_OPTIMIZATION_LEVEL = "-Onone";
			};
			name = Debug;
		};
		0DE8F0D02F57DF3A00888B9D /* Release */ = {
			isa = XCBuildConfiguration;
			buildSettings = {
				ALWAYS_SEARCH_USER_PATHS = NO;
				ASSETCATALOG_COMPILER_GENERATE_SWIFT_ASSET_SYMBOL_EXTENSIONS = YES;
				CLANG_ANALYZER_NONNULL = YES;
				CLANG_ANALYZER_NUMBER_OBJECT_CONVERSION = YES_AGGRESSIVE;
				CLANG_CXX_LANGUAGE_STANDARD = "gnu++20";
				CLANG_ENABLE_MODULES = YES;
				CLANG_ENABLE_OBJC_ARC = YES;
				CLANG_ENABLE_OBJC_WEAK = YES;
				CLANG_WARN_BLOCK_CAPTURE_AUTORELEASING = YES;
				CLANG_WARN_BOOL_CONVERSION = YES;
				CLANG_WARN_COMMA = YES;
				CLANG_WARN_CONSTANT_CONVERSION = YES;
				CLANG_WARN_DEPRECATED_OBJC_IMPLEMENTATIONS = YES;
				CLANG_WARN_DIRECT_OBJC_ISA_USAGE = YES_ERROR;
				CLANG_WARN_DOCUMENTATION_COMMENTS = YES;
				CLANG_WARN_EMPTY_BODY = YES;
				CLANG_WARN_ENUM_CONVERSION = YES;
				CLANG_WARN_INFINITE_RECURSION = YES;
				CLANG_WARN_INT_CONVERSION = YES;
				CLANG_WARN_NON_LITERAL_NULL_CONVERSION = YES;
				CLANG_WARN_OBJC_IMPLICIT_RETAIN_SELF = YES;
				CLANG_WARN_OBJC_LITERAL_CONVERSION = YES;
				CLANG_WARN_OBJC_ROOT_CLASS = YES_ERROR;
				CLANG_WARN_QUOTED_INCLUDE_IN_FRAMEWORK_HEADER = YES;
				CLANG_WARN_RANGE_LOOP_ANALYSIS = YES;
				CLANG_WARN_STRICT_PROTOTYPES = YES;
				CLANG_WARN_SUSPICIOUS_MOVE = YES;
				CLANG_WARN_UNGUARDED_AVAILABILITY = YES_AGGRESSIVE;
				CLANG_WARN_UNREACHABLE_CODE = YES;
				CLANG_WARN__DUPLICATE_METHOD_MATCH = YES;
				COPY_PHASE_STRIP = NO;
				DEBUG_INFORMATION_FORMAT = "dwarf-with-dsym";
				ENABLE_NS_ASSERTIONS = NO;
				ENABLE_STRICT_OBJC_MSGSEND = YES;
				ENABLE_USER_SCRIPT_SANDBOXING = YES;
				GCC_C_LANGUAGE_STANDARD = gnu17;
				GCC_NO_COMMON_BLOCKS = YES;
				GCC_WARN_64_TO_32_BIT_CONVERSION = YES;
				GCC_WARN_ABOUT_RETURN_TYPE = YES_ERROR;
				GCC_WARN_UNDECLARED_SELECTOR = YES;
				GCC_WARN_UNINITIALIZED_AUTOS = YES_AGGRESSIVE;
				GCC_WARN_UNUSED_FUNCTION = YES;
				GCC_WARN_UNUSED_VARIABLE = YES;
				IPHONEOS_DEPLOYMENT_TARGET = 26.2;
				LOCALIZATION_PREFERS_STRING_CATALOGS = YES;
				MTL_ENABLE_DEBUG_INFO = NO;
				MTL_FAST_MATH = YES;
				SDKROOT = iphoneos;
				SWIFT_COMPILATION_MODE = wholemodule;
				VALIDATE_PRODUCT = YES;
			};
			name = Release;
		};
		0DE8F0D22F57DF3A00888B9D /* Debug */ = {
			isa = XCBuildConfiguration;
			baseConfigurationReference = 8ED3A199293C55D790882D6A /* Pods-LHPPWallet.debug.xcconfig */;
			buildSettings = {
				ASSETCATALOG_COMPILER_APPICON_NAME = AppIcon;
				ASSETCATALOG_COMPILER_GLOBAL_ACCENT_COLOR_NAME = AccentColor;
				CODE_SIGN_IDENTITY = "Apple Development";
				CODE_SIGN_STYLE = Automatic;
				CURRENT_PROJECT_VERSION = 1;
				DEVELOPMENT_TEAM = W42L7GQ3X7;
				ENABLE_PREVIEWS = YES;
				GENERATE_INFOPLIST_FILE = YES;
				INFOPLIST_FILE = LHPPWallet/Info.plist;
				INFOPLIST_KEY_UIApplicationSceneManifest_Generation = YES;
				INFOPLIST_KEY_UIApplicationSupportsIndirectInputEvents = YES;
				INFOPLIST_KEY_UILaunchScreen_Generation = YES;
				INFOPLIST_KEY_UIStatusBarHidden = NO;
				INFOPLIST_KEY_UIStatusBarStyle = "";
				INFOPLIST_KEY_UISupportedInterfaceOrientations_iPad = "UIInterfaceOrientationPortrait UIInterfaceOrientationPortraitUpsideDown UIInterfaceOrientationLandscapeLeft UIInterfaceOrientationLandscapeRight";
				INFOPLIST_KEY_UISupportedInterfaceOrientations_iPhone = "UIInterfaceOrientationPortrait UIInterfaceOrientationLandscapeLeft UIInterfaceOrientationLandscapeRight";
				IPHONEOS_DEPLOYMENT_TARGET = 14.1;
				LD_RUNPATH_SEARCH_PATHS = (
					"$(inherited)",
					"@executable_path/Frameworks",
				);
				MARKETING_VERSION = 1.0;
				PRODUCT_BUNDLE_IDENTIFIER = Flexi.LHPPWallet;
				PRODUCT_NAME = "$(TARGET_NAME)";
				PROVISIONING_PROFILE_SPECIFIER = "";
				STRING_CATALOG_GENERATE_SYMBOLS = YES;
				SWIFT_APPROACHABLE_CONCURRENCY = YES;
				SWIFT_DEFAULT_ACTOR_ISOLATION = MainActor;
				SWIFT_EMIT_LOC_STRINGS = YES;
				SWIFT_UPCOMING_FEATURE_MEMBER_IMPORT_VISIBILITY = YES;
				SWIFT_VERSION = 5.0;
				TARGETED_DEVICE_FAMILY = "1,2";
			};
			name = Debug;
		};
		0DE8F0D32F57DF3A00888B9D /* Release */ = {
			isa = XCBuildConfiguration;
			baseConfigurationReference = 14DE55649C5504845FECBBFB /* Pods-LHPPWallet.release.xcconfig */;
			buildSettings = {
				ASSETCATALOG_COMPILER_APPICON_NAME = AppIcon;
				ASSETCATALOG_COMPILER_GLOBAL_ACCENT_COLOR_NAME = AccentColor;
				CODE_SIGN_IDENTITY = "Apple Development";
				CODE_SIGN_STYLE = Automatic;
				CURRENT_PROJECT_VERSION = 1;
				DEVELOPMENT_TEAM = W42L7GQ3X7;
				ENABLE_PREVIEWS = YES;
				GENERATE_INFOPLIST_FILE = YES;
				INFOPLIST_FILE = LHPPWallet/Info.plist;
				INFOPLIST_KEY_UIApplicationSceneManifest_Generation = YES;
				INFOPLIST_KEY_UIApplicationSupportsIndirectInputEvents = YES;
				INFOPLIST_KEY_UILaunchScreen_Generation = YES;
				INFOPLIST_KEY_UIStatusBarHidden = NO;
				INFOPLIST_KEY_UIStatusBarStyle = "";
				INFOPLIST_KEY_UISupportedInterfaceOrientations_iPad = "UIInterfaceOrientationPortrait UIInterfaceOrientationPortraitUpsideDown UIInterfaceOrientationLandscapeLeft UIInterfaceOrientationLandscapeRight";
				INFOPLIST_KEY_UISupportedInterfaceOrientations_iPhone = "UIInterfaceOrientationPortrait UIInterfaceOrientationLandscapeLeft UIInterfaceOrientationLandscapeRight";
				IPHONEOS_DEPLOYMENT_TARGET = 14.1;
				LD_RUNPATH_SEARCH_PATHS = (
					"$(inherited)",
					"@executable_path/Frameworks",
				);
				MARKETING_VERSION = 1.0;
				PRODUCT_BUNDLE_IDENTIFIER = Flexi.LHPPWallet;
				PRODUCT_NAME = "$(TARGET_NAME)";
				PROVISIONING_PROFILE_SPECIFIER = "";
				STRING_CATALOG_GENERATE_SYMBOLS = YES;
				SWIFT_APPROACHABLE_CONCURRENCY = YES;
				SWIFT_DEFAULT_ACTOR_ISOLATION = MainActor;
				SWIFT_EMIT_LOC_STRINGS = YES;
				SWIFT_UPCOMING_FEATURE_MEMBER_IMPORT_VISIBILITY = YES;
				SWIFT_VERSION = 5.0;
				TARGETED_DEVICE_FAMILY = "1,2";
			};
			name = Release;
		};
		0DE8F0D52F57DF3A00888B9D /* Debug */ = {
			isa = XCBuildConfiguration;
			baseConfigurationReference = 92FE0A91B4BA6D6F8329C55F /* Pods-LHPPWalletTests.debug.xcconfig */;
			buildSettings = {
				BUNDLE_LOADER = "$(TEST_HOST)";
				CODE_SIGN_STYLE = Automatic;
				CURRENT_PROJECT_VERSION = 1;
				GENERATE_INFOPLIST_FILE = YES;
				IPHONEOS_DEPLOYMENT_TARGET = 26.2;
				MARKETING_VERSION = 1.0;
				PRODUCT_BUNDLE_IDENTIFIER = Flexi.LHPPWalletTests;
				PRODUCT_NAME = "$(TARGET_NAME)";
				STRING_CATALOG_GENERATE_SYMBOLS = NO;
				SWIFT_APPROACHABLE_CONCURRENCY = YES;
				SWIFT_EMIT_LOC_STRINGS = NO;
				SWIFT_UPCOMING_FEATURE_MEMBER_IMPORT_VISIBILITY = YES;
				SWIFT_VERSION = 5.0;
				TARGETED_DEVICE_FAMILY = "1,2";
				TEST_HOST = "$(BUILT_PRODUCTS_DIR)/LHPPWallet.app/$(BUNDLE_EXECUTABLE_FOLDER_PATH)/LHPPWallet";
			};
			name = Debug;
		};
		0DE8F0D62F57DF3A00888B9D /* Release */ = {
			isa = XCBuildConfiguration;
			baseConfigurationReference = CC8098DD93B954944C7C3F8F /* Pods-LHPPWalletTests.release.xcconfig */;
			buildSettings = {
				BUNDLE_LOADER = "$(TEST_HOST)";
				CODE_SIGN_STYLE = Automatic;
				CURRENT_PROJECT_VERSION = 1;
				GENERATE_INFOPLIST_FILE = YES;
				IPHONEOS_DEPLOYMENT_TARGET = 26.2;
				MARKETING_VERSION = 1.0;
				PRODUCT_BUNDLE_IDENTIFIER = Flexi.LHPPWalletTests;
				PRODUCT_NAME = "$(TARGET_NAME)";
				STRING_CATALOG_GENERATE_SYMBOLS = NO;
				SWIFT_APPROACHABLE_CONCURRENCY = YES;
				SWIFT_EMIT_LOC_STRINGS = NO;
				SWIFT_UPCOMING_FEATURE_MEMBER_IMPORT_VISIBILITY = YES;
				SWIFT_VERSION = 5.0;
				TARGETED_DEVICE_FAMILY = "1,2";
				TEST_HOST = "$(BUILT_PRODUCTS_DIR)/LHPPWallet.app/$(BUNDLE_EXECUTABLE_FOLDER_PATH)/LHPPWallet";
			};
			name = Release;
		};
		0DE8F0D82F57DF3A00888B9D /* Debug */ = {
			isa = XCBuildConfiguration;
			baseConfigurationReference = 1DE35806153E91E60A30F5EB /* Pods-LHPPWallet-LHPPWalletUITests.debug.xcconfig */;
			buildSettings = {
				CODE_SIGN_STYLE = Automatic;
				CURRENT_PROJECT_VERSION = 1;
				GENERATE_INFOPLIST_FILE = YES;
				MARKETING_VERSION = 1.0;
				PRODUCT_BUNDLE_IDENTIFIER = Flexi.LHPPWalletUITests;
				PRODUCT_NAME = "$(TARGET_NAME)";
				STRING_CATALOG_GENERATE_SYMBOLS = NO;
				SWIFT_APPROACHABLE_CONCURRENCY = YES;
				SWIFT_EMIT_LOC_STRINGS = NO;
				SWIFT_UPCOMING_FEATURE_MEMBER_IMPORT_VISIBILITY = YES;
				SWIFT_VERSION = 5.0;
				TARGETED_DEVICE_FAMILY = "1,2";
				TEST_TARGET_NAME = LHPPWallet;
			};
			name = Debug;
		};
		0DE8F0D92F57DF3A00888B9D /* Release */ = {
			isa = XCBuildConfiguration;
			baseConfigurationReference = FA6A80AF895451722FF6C0E2 /* Pods-LHPPWallet-LHPPWalletUITests.release.xcconfig */;
			buildSettings = {
				CODE_SIGN_STYLE = Automatic;
				CURRENT_PROJECT_VERSION = 1;
				GENERATE_INFOPLIST_FILE = YES;
				MARKETING_VERSION = 1.0;
				PRODUCT_BUNDLE_IDENTIFIER = Flexi.LHPPWalletUITests;
				PRODUCT_NAME = "$(TARGET_NAME)";
				STRING_CATALOG_GENERATE_SYMBOLS = NO;
				SWIFT_APPROACHABLE_CONCURRENCY = YES;
				SWIFT_EMIT_LOC_STRINGS = NO;
				SWIFT_UPCOMING_FEATURE_MEMBER_IMPORT_VISIBILITY = YES;
				SWIFT_VERSION = 5.0;
				TARGETED_DEVICE_FAMILY = "1,2";
				TEST_TARGET_NAME = LHPPWallet;
			};
			name = Release;
		};
/* End XCBuildConfiguration section */

/* Begin XCConfigurationList section */
		0DE8F0A62F57DF3800888B9D /* Build configuration list for PBXProject "LHPPWallet" */ = {
			isa = XCConfigurationList;
			buildConfigurations = (
				0DE8F0CF2F57DF3A00888B9D /* Debug */,
				0DE8F0D02F57DF3A00888B9D /* Release */,
			);
			defaultConfigurationIsVisible = 0;
			defaultConfigurationName = Release;
		};
		0DE8F0D12F57DF3A00888B9D /* Build configuration list for PBXNativeTarget "LHPPWallet" */ = {
			isa = XCConfigurationList;
			buildConfigurations = (
				0DE8F0D22F57DF3A00888B9D /* Debug */,
				0DE8F0D32F57DF3A00888B9D /* Release */,
			);
			defaultConfigurationIsVisible = 0;
			defaultConfigurationName = Release;
		};
		0DE8F0D42F57DF3A00888B9D /* Build configuration list for PBXNativeTarget "LHPPWalletTests" */ = {
			isa = XCConfigurationList;
			buildConfigurations = (
				0DE8F0D52F57DF3A00888B9D /* Debug */,
				0DE8F0D62F57DF3A00888B9D /* Release */,
			);
			defaultConfigurationIsVisible = 0;
			defaultConfigurationName = Release;
		};
		0DE8F0D72F57DF3A00888B9D /* Build configuration list for PBXNativeTarget "LHPPWalletUITests" */ = {
			isa = XCConfigurationList;
			buildConfigurations = (
				0DE8F0D82F57DF3A00888B9D /* Debug */,
				0DE8F0D92F57DF3A00888B9D /* Release */,
			);
			defaultConfigurationIsVisible = 0;
			defaultConfigurationName = Release;
		};
/* End XCConfigurationList section */
	};
	rootObject = 0DE8F0A32F57DF3800888B9D /* Project object */;
}
